// !$*UTF8*$!
{
	archiveVersion = 1;
	classes = {
	};
	objectVersion = 50;
	objects = {

/* Begin PBXBuildFile section */
		5A4311762223640D0039AD40 /* AppDelegate.swift in Sources */ = {isa = PBXBuildFile; fileRef = 5A4311752223640D0039AD40 /* AppDelegate.swift */; };
		5A43117B2223640D0039AD40 /* Main.storyboard in Resources */ = {isa = PBXBuildFile; fileRef = 5A4311792223640D0039AD40 /* Main.storyboard */; };
		5A43117D2223640F0039AD40 /* Assets.xcassets in Resources */ = {isa = PBXBuildFile; fileRef = 5A43117C2223640F0039AD40 /* Assets.xcassets */; };
		5A4311802223640F0039AD40 /* LaunchScreen.storyboard in Resources */ = {isa = PBXBuildFile; fileRef = 5A43117E2223640F0039AD40 /* LaunchScreen.storyboard */; };
		5A43118B2223640F0039AD40 /* tumblrTests.swift in Sources */ = {isa = PBXBuildFile; fileRef = 5A43118A2223640F0039AD40 /* tumblrTests.swift */; };
		5A4311962223640F0039AD40 /* tumblrUITests.swift in Sources */ = {isa = PBXBuildFile; fileRef = 5A4311952223640F0039AD40 /* tumblrUITests.swift */; };
		5A4311A4222364670039AD40 /* PhotosViewControler.swift in Sources */ = {isa = PBXBuildFile; fileRef = 5A4311A3222364670039AD40 /* PhotosViewControler.swift */; };
		5A4311AE2225F10D0039AD40 /* PhotoCell.swift in Sources */ = {isa = PBXBuildFile; fileRef = 5A4311AD2225F10D0039AD40 /* PhotoCell.swift */; };
		A71D8FBFEC162A240640EF86 /* Pods_tumblr.framework in Frameworks */ = {isa = PBXBuildFile; fileRef = 29775808C44756F494BACA08 /* Pods_tumblr.framework */; };
/* End PBXBuildFile section */

/* Begin PBXContainerItemProxy section */
		5A4311872223640F0039AD40 /* PBXContainerItemProxy */ = {
			isa = PBXContainerItemProxy;
			containerPortal = 5A43116A2223640D0039AD40 /* Project object */;
			proxyType = 1;
			remoteGlobalIDString = 5A4311712223640D0039AD40;
			remoteInfo = tumblr;
		};
		5A4311922223640F0039AD40 /* PBXContainerItemProxy */ = {
			isa = PBXContainerItemProxy;
			containerPortal = 5A43116A2223640D0039AD40 /* Project object */;
			proxyType = 1;
			remoteGlobalIDString = 5A4311712223640D0039AD40;
			remoteInfo = tumblr;
		};
/* End PBXContainerItemProxy section */

/* Begin PBXFileReference section */
		29775808C44756F494BACA08 /* Pods_tumblr.framework */ = {isa = PBXFileReference; explicitFileType = wrapper.framework; includeInIndex = 0; path = Pods_tumblr.framework; sourceTree = BUILT_PRODUCTS_DIR; };
		3B4285822900182DBC2A497F /* Pods-tumblr.release.xcconfig */ = {isa = PBXFileReference; includeInIndex = 1; lastKnownFileType = text.xcconfig; name = "Pods-tumblr.release.xcconfig"; path = "Target Support Files/Pods-tumblr/Pods-tumblr.release.xcconfig"; sourceTree = "<group>"; };
		5A4311722223640D0039AD40 /* tumblr.app */ = {isa = PBXFileReference; explicitFileType = wrapper.application; includeInIndex = 0; path = tumblr.app; sourceTree = BUILT_PRODUCTS_DIR; };
		5A4311752223640D0039AD40 /* AppDelegate.swift */ = {isa = PBXFileReference; lastKnownFileType = sourcecode.swift; path = AppDelegate.swift; sourceTree = "<group>"; };
		5A43117A2223640D0039AD40 /* Base */ = {isa = PBXFileReference; lastKnownFileType = file.storyboard; name = Base; path = Base.lproj/Main.storyboard; sourceTree = "<group>"; };
		5A43117C2223640F0039AD40 /* Assets.xcassets */ = {isa = PBXFileReference; lastKnownFileType = folder.assetcatalog; path = Assets.xcassets; sourceTree = "<group>"; };
		5A43117F2223640F0039AD40 /* Base */ = {isa = PBXFileReference; lastKnownFileType = file.storyboard; name = Base; path = Base.lproj/LaunchScreen.storyboard; sourceTree = "<group>"; };
		5A4311812223640F0039AD40 /* Info.plist */ = {isa = PBXFileReference; lastKnownFileType = text.plist.xml; path = Info.plist; sourceTree = "<group>"; };
		5A4311862223640F0039AD40 /* tumblrTests.xctest */ = {isa = PBXFileReference; explicitFileType = wrapper.cfbundle; includeInIndex = 0; path = tumblrTests.xctest; sourceTree = BUILT_PRODUCTS_DIR; };
		5A43118A2223640F0039AD40 /* tumblrTests.swift */ = {isa = PBXFileReference; lastKnownFileType = sourcecode.swift; path = tumblrTests.swift; sourceTree = "<group>"; };
		5A43118C2223640F0039AD40 /* Info.plist */ = {isa = PBXFileReference; lastKnownFileType = text.plist.xml; path = Info.plist; sourceTree = "<group>"; };
		5A4311912223640F0039AD40 /* tumblrUITests.xctest */ = {isa = PBXFileReference; explicitFileType = wrapper.cfbundle; includeInIndex = 0; path = tumblrUITests.xctest; sourceTree = BUILT_PRODUCTS_DIR; };
		5A4311952223640F0039AD40 /* tumblrUITests.swift */ = {isa = PBXFileReference; lastKnownFileType = sourcecode.swift; path = tumblrUITests.swift; sourceTree = "<group>"; };
		5A4311972223640F0039AD40 /* Info.plist */ = {isa = PBXFileReference; lastKnownFileType = text.plist.xml; path = Info.plist; sourceTree = "<group>"; };
		5A4311A3222364670039AD40 /* PhotosViewControler.swift */ = {isa = PBXFileReference; lastKnownFileType = sourcecode.swift; path = PhotosViewControler.swift; sourceTree = "<group>"; };
		5A4311AD2225F10D0039AD40 /* PhotoCell.swift */ = {isa = PBXFileReference; lastKnownFileType = sourcecode.swift; path = PhotoCell.swift; sourceTree = "<group>"; };
		8031A8BD380E22B718F8C42A /* Pods-tumblr.debug.xcconfig */ = {isa = PBXFileReference; includeInIndex = 1; lastKnownFileType = text.xcconfig; name = "Pods-tumblr.debug.xcconfig"; path = "Target Support Files/Pods-tumblr/Pods-tumblr.debug.xcconfig"; sourceTree = "<group>"; };
/* End PBXFileReference section */

/* Begin PBXFrameworksBuildPhase section */
		5A43116F2223640D0039AD40 /* Frameworks */ = {
			isa = PBXFrameworksBuildPhase;
			buildActionMask = 2147483647;
			files = (
				A71D8FBFEC162A240640EF86 /* Pods_tumblr.framework in Frameworks */,
			);
			runOnlyForDeploymentPostprocessing = 0;
		};
		5A4311832223640F0039AD40 /* Frameworks */ = {
			isa = PBXFrameworksBuildPhase;
			buildActionMask = 2147483647;
			files = (
			);
			runOnlyForDeploymentPostprocessing = 0;
		};
		5A43118E2223640F0039AD40 /* Frameworks */ = {
			isa = PBXFrameworksBuildPhase;
			buildActionMask = 2147483647;
			files = (
			);
			runOnlyForDeploymentPostprocessing = 0;
		};
/* End PBXFrameworksBuildPhase section */

/* Begin PBXGroup section */
		276D258F8AB49BB51B68F49D /* Frameworks */ = {
			isa = PBXGroup;
			children = (
				29775808C44756F494BACA08 /* Pods_tumblr.framework */,
			);
			name = Frameworks;
			sourceTree = "<group>";
		};
		5A4311692223640D0039AD40 = {
			isa = PBXGroup;
			children = (
				5A4311742223640D0039AD40 /* tumblr */,
				5A4311892223640F0039AD40 /* tumblrTests */,
				5A4311942223640F0039AD40 /* tumblrUITests */,
				5A4311732223640D0039AD40 /* Products */,
				718329CAAF25729A9FBD8CD0 /* Pods */,
				276D258F8AB49BB51B68F49D /* Frameworks */,
			);
			sourceTree = "<group>";
		};
		5A4311732223640D0039AD40 /* Products */ = {
			isa = PBXGroup;
			children = (
				5A4311722223640D0039AD40 /* tumblr.app */,
				5A4311862223640F0039AD40 /* tumblrTests.xctest */,
				5A4311912223640F0039AD40 /* tumblrUITests.xctest */,
			);
			name = Products;
			sourceTree = "<group>";
		};
		5A4311742223640D0039AD40 /* tumblr */ = {
			isa = PBXGroup;
			children = (
				5A4311A3222364670039AD40 /* PhotosViewControler.swift */,
				5A4311AD2225F10D0039AD40 /* PhotoCell.swift */,
				5A4311752223640D0039AD40 /* AppDelegate.swift */,
				5A4311792223640D0039AD40 /* Main.storyboard */,
				5A43117C2223640F0039AD40 /* Assets.xcassets */,
				5A43117E2223640F0039AD40 /* LaunchScreen.storyboard */,
				5A4311812223640F0039AD40 /* Info.plist */,
			);
			path = tumblr;
			sourceTree = "<group>";
		};
		5A4311892223640F0039AD40 /* tumblrTests */ = {
			isa = PBXGroup;
			children = (
				5A43118A2223640F0039AD40 /* tumblrTests.swift */,
				5A43118C2223640F0039AD40 /* Info.plist */,
			);
			path = tumblrTests;
			sourceTree = "<group>";
		};
		5A4311942223640F0039AD40 /* tumblrUITests */ = {
			isa = PBXGroup;
			children = (
				5A4311952223640F0039AD40 /* tumblrUITests.swift */,
				5A4311972223640F0039AD40 /* Info.plist */,
			);
			path = tumblrUITests;
			sourceTree = "<group>";
		};
		718329CAAF25729A9FBD8CD0 /* Pods */ = {
			isa = PBXGroup;
			children = (
				8031A8BD380E22B718F8C42A /* Pods-tumblr.debug.xcconfig */,
				3B4285822900182DBC2A497F /* Pods-tumblr.release.xcconfig */,
			);
			name = Pods;
			path = Pods;
			sourceTree = "<group>";
		};
/* End PBXGroup section */

/* Begin PBXNativeTarget section */
		5A4311712223640D0039AD40 /* tumblr */ = {
			isa = PBXNativeTarget;
			buildConfigurationList = 5A43119A2223640F0039AD40 /* Build configuration list for PBXNativeTarget "tumblr" */;
			buildPhases = (
				17046E883F651BE84B902EAE /* [CP] Check Pods Manifest.lock */,
				5A43116E2223640D0039AD40 /* Sources */,
				5A43116F2223640D0039AD40 /* Frameworks */,
				5A4311702223640D0039AD40 /* Resources */,
				41EBFAD2956B4678A30667BB /* [CP] Embed Pods Frameworks */,
			);
			buildRules = (
			);
			dependencies = (
			);
			name = tumblr;
			productName = tumblr;
			productReference = 5A4311722223640D0039AD40 /* tumblr.app */;
			productType = "com.apple.product-type.application";
		};
		5A4311852223640F0039AD40 /* tumblrTests */ = {
			isa = PBXNativeTarget;
			buildConfigurationList = 5A43119D2223640F0039AD40 /* Build configuration list for PBXNativeTarget "tumblrTests" */;
			buildPhases = (
				5A4311822223640F0039AD40 /* Sources */,
				5A4311832223640F0039AD40 /* Frameworks */,
				5A4311842223640F0039AD40 /* Resources */,
			);
			buildRules = (
			);
			dependencies = (
				5A4311882223640F0039AD40 /* PBXTargetDependency */,
			);
			name = tumblrTests;
			productName = tumblrTests;
			productReference = 5A4311862223640F0039AD40 /* tumblrTests.xctest */;
			productType = "com.apple.product-type.bundle.unit-test";
		};
		5A4311902223640F0039AD40 /* tumblrUITests */ = {
			isa = PBXNativeTarget;
			buildConfigurationList = 5A4311A02223640F0039AD40 /* Build configuration list for PBXNativeTarget "tumblrUITests" */;
			buildPhases = (
				5A43118D2223640F0039AD40 /* Sources */,
				5A43118E2223640F0039AD40 /* Frameworks */,
				5A43118F2223640F0039AD40 /* Resources */,
			);
			buildRules = (
			);
			dependencies = (
				5A4311932223640F0039AD40 /* PBXTargetDependency */,
			);
			name = tumblrUITests;
			productName = tumblrUITests;
			productReference = 5A4311912223640F0039AD40 /* tumblrUITests.xctest */;
			productType = "com.apple.product-type.bundle.ui-testing";
		};
/* End PBXNativeTarget section */

/* Begin PBXProject section */
		5A43116A2223640D0039AD40 /* Project object */ = {
			isa = PBXProject;
			attributes = {
				LastSwiftUpdateCheck = 1010;
				LastUpgradeCheck = 1010;
				ORGANIZATIONNAME = "Hunter Boleman";
				TargetAttributes = {
					5A4311712223640D0039AD40 = {
						CreatedOnToolsVersion = 10.1;
					};
					5A4311852223640F0039AD40 = {
						CreatedOnToolsVersion = 10.1;
						TestTargetID = 5A4311712223640D0039AD40;
					};
					5A4311902223640F0039AD40 = {
						CreatedOnToolsVersion = 10.1;
						TestTargetID = 5A4311712223640D0039AD40;
					};
				};
			};
			buildConfigurationList = 5A43116D2223640D0039AD40 /* Build configuration list for PBXProject "tumblr" */;
			compatibilityVersion = "Xcode 9.3";
			developmentRegion = en;
			hasScannedForEncodings = 0;
			knownRegions = (
				en,
				Base,
			);
			mainGroup = 5A4311692223640D0039AD40;
			productRefGroup = 5A4311732223640D0039AD40 /* Products */;
			projectDirPath = "";
			projectRoot = "";
			targets = (
				5A4311712223640D0039AD40 /* tumblr */,
				5A4311852223640F0039AD40 /* tumblrTests */,
				5A4311902223640F0039AD40 /* tumblrUITests */,
			);
		};
/* End PBXProject section */

/* Begin PBXResourcesBuildPhase section */
		5A4311702223640D0039AD40 /* Resources */ = {
			isa = PBXResourcesBuildPhase;
			buildActionMask = 2147483647;
			files = (
				5A4311802223640F0039AD40 /* LaunchScreen.storyboard in Resources */,
				5A43117D2223640F0039AD40 /* Assets.xcassets in Resources */,
				5A43117B2223640D0039AD40 /* Main.storyboard in Resources */,
			);
			runOnlyForDeploymentPostprocessing = 0;
		};
		5A4311842223640F0039AD40 /* Resources */ = {
			isa = PBXResourcesBuildPhase;
			buildActionMask = 2147483647;
			files = (
			);
			runOnlyForDeploymentPostprocessing = 0;
		};
		5A43118F2223640F0039AD40 /* Resources */ = {
			isa = PBXResourcesBuildPhase;
			buildActionMask = 2147483647;
			files = (
			);
			runOnlyForDeploymentPostprocessing = 0;
		};
/* End PBXResourcesBuildPhase section */

/* Begin PBXShellScriptBuildPhase section */
		17046E883F651BE84B902EAE /* [CP] Check Pods Manifest.lock */ = {
			isa = PBXShellScriptBuildPhase;
			buildActionMask = 2147483647;
			files = (
			);
			inputFileListPaths = (
			);
			inputPaths = (
				"${PODS_PODFILE_DIR_PATH}/Podfile.lock",
				"${PODS_ROOT}/Manifest.lock",
			);
			name = "[CP] Check Pods Manifest.lock";
			outputFileListPaths = (
			);
			outputPaths = (
				"$(DERIVED_FILE_DIR)/Pods-tumblr-checkManifestLockResult.txt",
			);
			runOnlyForDeploymentPostprocessing = 0;
			shellPath = /bin/sh;
			shellScript = "diff \"${PODS_PODFILE_DIR_PATH}/Podfile.lock\" \"${PODS_ROOT}/Manifest.lock\" > /dev/null\nif [ $? != 0 ] ; then\n    # print error to STDERR\n    echo \"error: The sandbox is not in sync with the Podfile.lock. Run 'pod install' or update your CocoaPods installation.\" >&2\n    exit 1\nfi\n# This output is used by Xcode 'outputs' to avoid re-running this script phase.\necho \"SUCCESS\" > \"${SCRIPT_OUTPUT_FILE_0}\"\n";
			showEnvVarsInLog = 0;
		};
		41EBFAD2956B4678A30667BB /* [CP] Embed Pods Frameworks */ = {
			isa = PBXShellScriptBuildPhase;
			buildActionMask = 2147483647;
			files = (
			);
			inputFileListPaths = (
			);
			inputPaths = (
				"${PODS_ROOT}/Target Support Files/Pods-tumblr/Pods-tumblr-frameworks.sh",
				"${BUILT_PRODUCTS_DIR}/Alamofire/Alamofire.framework",
				"${BUILT_PRODUCTS_DIR}/AlamofireImage/AlamofireImage.framework",
			);
			name = "[CP] Embed Pods Frameworks";
			outputFileListPaths = (
			);
			outputPaths = (
				"${TARGET_BUILD_DIR}/${FRAMEWORKS_FOLDER_PATH}/Alamofire.framework",
				"${TARGET_BUILD_DIR}/${FRAMEWORKS_FOLDER_PATH}/AlamofireImage.framework",
			);
			runOnlyForDeploymentPostprocessing = 0;
			shellPath = /bin/sh;
			shellScript = "\"${PODS_ROOT}/Target Support Files/Pods-tumblr/Pods-tumblr-frameworks.sh\"\n";
			showEnvVarsInLog = 0;
		};
/* End PBXShellScriptBuildPhase section */

/* Begin PBXSourcesBuildPhase section */
		5A43116E2223640D0039AD40 /* Sources */ = {
			isa = PBXSourcesBuildPhase;
			buildActionMask = 2147483647;
			files = (
				5A4311A4222364670039AD40 /* PhotosViewControler.swift in Sources */,
				5A4311AE2225F10D0039AD40 /* PhotoCell.swift in Sources */,
				5A4311762223640D0039AD40 /* AppDelegate.swift in Sources */,
			);
			runOnlyForDeploymentPostprocessing = 0;
		};
		5A4311822223640F0039AD40 /* Sources */ = {
			isa = PBXSourcesBuildPhase;
			buildActionMask = 2147483647;
			files = (
				5A43118B2223640F0039AD40 /* tumblrTests.swift in Sources */,
			);
			runOnlyForDeploymentPostprocessing = 0;
		};
		5A43118D2223640F0039AD40 /* Sources */ = {
			isa = PBXSourcesBuildPhase;
			buildActionMask = 2147483647;
			files = (
				5A4311962223640F0039AD40 /* tumblrUITests.swift in Sources */,
			);
			runOnlyForDeploymentPostprocessing = 0;
		};
/* End PBXSourcesBuildPhase section */

/* Begin PBXTargetDependency section */
		5A4311882223640F0039AD40 /* PBXTargetDependency */ = {
			isa = PBXTargetDependency;
			target = 5A4311712223640D0039AD40 /* tumblr */;
			targetProxy = 5A4311872223640F0039AD40 /* PBXContainerItemProxy */;
		};
		5A4311932223640F0039AD40 /* PBXTargetDependency */ = {
			isa = PBXTargetDependency;
			target = 5A4311712223640D0039AD40 /* tumblr */;
			targetProxy = 5A4311922223640F0039AD40 /* PBXContainerItemProxy */;
		};
/* End PBXTargetDependency section */

/* Begin PBXVariantGroup section */
		5A4311792223640D0039AD40 /* Main.storyboard */ = {
			isa = PBXVariantGroup;
			children = (
				5A43117A2223640D0039AD40 /* Base */,
			);
			name = Main.storyboard;
			sourceTree = "<group>";
		};
		5A43117E2223640F0039AD40 /* LaunchScreen.storyboard */ = {
			isa = PBXVariantGroup;
			children = (
				5A43117F2223640F0039AD40 /* Base */,
			);
			name = LaunchScreen.storyboard;
			sourceTree = "<group>";
		};
/* End PBXVariantGroup section */

/* Begin XCBuildConfiguration section */
		5A4311982223640F0039AD40 /* Debug */ = {
			isa = XCBuildConfiguration;
			buildSettings = {
				ALWAYS_SEARCH_USER_PATHS = NO;
				CLANG_ANALYZER_NONNULL = YES;
				CLANG_ANALYZER_NUMBER_OBJECT_CONVERSION = YES_AGGRESSIVE;
				CLANG_CXX_LANGUAGE_STANDARD = "gnu++14";
				CLANG_CXX_LIBRARY = "libc++";
				CLANG_ENABLE_MODULES = YES;
				CLANG_ENABLE_OBJC_ARC = YES;
				CLANG_ENABLE_OBJC_WEAK = YES;
				CLANG_WARN_BLOCK_CAPTURE_AUTORELEASING = YES;
				CLANG_WARN_BOOL_CONVERSION = YES;
				CLANG_WARN_COMMA = YES;
				CLANG_WARN_CONSTANT_CONVERSION = YES;
				CLANG_WARN_DEPRECATED_OBJC_IMPLEMENTATIONS = YES;
				CLANG_WARN_DIRECT_OBJC_ISA_USAGE = YES_ERROR;
				CLANG_WARN_DOCUMENTATION_COMMENTS = YES;
				CLANG_WARN_EMPTY_BODY = YES;
				CLANG_WARN_ENUM_CONVERSION = YES;
				CLANG_WARN_INFINITE_RECURSION = YES;
				CLANG_WARN_INT_CONVERSION = YES;
				CLANG_WARN_NON_LITERAL_NULL_CONVERSION = YES;
				CLANG_WARN_OBJC_IMPLICIT_RETAIN_SELF = YES;
				CLANG_WARN_OBJC_LITERAL_CONVERSION = YES;
				CLANG_WARN_OBJC_ROOT_CLASS = YES_ERROR;
				CLANG_WARN_RANGE_LOOP_ANALYSIS = YES;
				CLANG_WARN_STRICT_PROTOTYPES = YES;
				CLANG_WARN_SUSPICIOUS_MOVE = YES;
				CLANG_WARN_UNGUARDED_AVAILABILITY = YES_AGGRESSIVE;
				CLANG_WARN_UNREACHABLE_CODE = YES;
				CLANG_WARN__DUPLICATE_METHOD_MATCH = YES;
				CODE_SIGN_IDENTITY = "iPhone Developer";
				COPY_PHASE_STRIP = NO;
				DEBUG_INFORMATION_FORMAT = dwarf;
				ENABLE_STRICT_OBJC_MSGSEND = YES;
				ENABLE_TESTABILITY = YES;
				GCC_C_LANGUAGE_STANDARD = gnu11;
				GCC_DYNAMIC_NO_PIC = NO;
				GCC_NO_COMMON_BLOCKS = YES;
				GCC_OPTIMIZATION_LEVEL = 0;
				GCC_PREPROCESSOR_DEFINITIONS = (
					"DEBUG=1",
					"$(inherited)",
				);
				GCC_WARN_64_TO_32_BIT_CONVERSION = YES;
				GCC_WARN_ABOUT_RETURN_TYPE = YES_ERROR;
				GCC_WARN_UNDECLARED_SELECTOR = YES;
				GCC_WARN_UNINITIALIZED_AUTOS = YES_AGGRESSIVE;
				GCC_WARN_UNUSED_FUNCTION = YES;
				GCC_WARN_UNUSED_VARIABLE = YES;
				IPHONEOS_DEPLOYMENT_TARGET = 12.1;
				MTL_ENABLE_DEBUG_INFO = INCLUDE_SOURCE;
				MTL_FAST_MATH = YES;
				ONLY_ACTIVE_ARCH = YES;
				SDKROOT = iphoneos;
				SWIFT_ACTIVE_COMPILATION_CONDITIONS = DEBUG;
				SWIFT_OPTIMIZATION_LEVEL = "-Onone";
			};
			name = Debug;
		};
		5A4311992223640F0039AD40 /* Release */ = {
			isa = XCBuildConfiguration;
			buildSettings = {
				ALWAYS_SEARCH_USER_PATHS = NO;
				CLANG_ANALYZER_NONNULL = YES;
				CLANG_ANALYZER_NUMBER_OBJECT_CONVERSION = YES_AGGRESSIVE;
				CLANG_CXX_LANGUAGE_STANDARD = "gnu++14";
				CLANG_CXX_LIBRARY = "libc++";
				CLANG_ENABLE_MODULES = YES;
				CLANG_ENABLE_OBJC_ARC = YES;
				CLANG_ENABLE_OBJC_WEAK = YES;
				CLANG_WARN_BLOCK_CAPTURE_AUTORELEASING = YES;
				CLANG_WARN_BOOL_CONVERSION = YES;
				CLANG_WARN_COMMA = YES;
				CLANG_WARN_CONSTANT_CONVERSION = YES;
				CLANG_WARN_DEPRECATED_OBJC_IMPLEMENTATIONS = YES;
				CLANG_WARN_DIRECT_OBJC_ISA_USAGE = YES_ERROR;
				CLANG_WARN_DOCUMENTATION_COMMENTS = YES;
				CLANG_WARN_EMPTY_BODY = YES;
				CLANG_WARN_ENUM_CONVERSION = YES;
				CLANG_WARN_INFINITE_RECURSION = YES;
				CLANG_WARN_INT_CONVERSION = YES;
				CLANG_WARN_NON_LITERAL_NULL_CONVERSION = YES;
				CLANG_WARN_OBJC_IMPLICIT_RETAIN_SELF = YES;
				CLANG_WARN_OBJC_LITERAL_CONVERSION = YES;
				CLANG_WARN_OBJC_ROOT_CLASS = YES_ERROR;
				CLANG_WARN_RANGE_LOOP_ANALYSIS = YES;
				CLANG_WARN_STRICT_PROTOTYPES = YES;
				CLANG_WARN_SUSPICIOUS_MOVE = YES;
				CLANG_WARN_UNGUARDED_AVAILABILITY = YES_AGGRESSIVE;
				CLANG_WARN_UNREACHABLE_CODE = YES;
				CLANG_WARN__DUPLICATE_METHOD_MATCH = YES;
				CODE_SIGN_IDENTITY = "iPhone Developer";
				COPY_PHASE_STRIP = NO;
				DEBUG_INFORMATION_FORMAT = "dwarf-with-dsym";
				ENABLE_NS_ASSERTIONS = NO;
				ENABLE_STRICT_OBJC_MSGSEND = YES;
				GCC_C_LANGUAGE_STANDARD = gnu11;
				GCC_NO_COMMON_BLOCKS = YES;
				GCC_WARN_64_TO_32_BIT_CONVERSION = YES;
				GCC_WARN_ABOUT_RETURN_TYPE = YES_ERROR;
				GCC_WARN_UNDECLARED_SELECTOR = YES;
				GCC_WARN_UNINITIALIZED_AUTOS = YES_AGGRESSIVE;
				GCC_WARN_UNUSED_FUNCTION = YES;
				GCC_WARN_UNUSED_VARIABLE = YES;
				IPHONEOS_DEPLOYMENT_TARGET = 12.1;
				MTL_ENABLE_DEBUG_INFO = NO;
				MTL_FAST_MATH = YES;
				SDKROOT = iphoneos;
				SWIFT_COMPILATION_MODE = wholemodule;
				SWIFT_OPTIMIZATION_LEVEL = "-O";
				VALIDATE_PRODUCT = YES;
			};
			name = Release;
		};
		5A43119B2223640F0039AD40 /* Debug */ = {
			isa = XCBuildConfiguration;
			baseConfigurationReference = 8031A8BD380E22B718F8C42A /* Pods-tumblr.debug.xcconfig */;
			buildSettings = {
				ASSETCATALOG_COMPILER_APPICON_NAME = AppIcon;
				CODE_SIGN_STYLE = Automatic;
				DEVELOPMENT_TEAM = FF9L5T7Y8K;
				INFOPLIST_FILE = tumblr/Info.plist;
				LD_RUNPATH_SEARCH_PATHS = (
					"$(inherited)",
					"@executable_path/Frameworks",
				);
				PRODUCT_BUNDLE_IDENTIFIER = com.hunterboleman.tumblr;
				PRODUCT_NAME = "$(TARGET_NAME)";
				SWIFT_VERSION = 4.2;
				TARGETED_DEVICE_FAMILY = "1,2";
			};
			name = Debug;
		};
		5A43119C2223640F0039AD40 /* Release */ = {
			isa = XCBuildConfiguration;
			baseConfigurationReference = 3B4285822900182DBC2A497F /* Pods-tumblr.release.xcconfig */;
			buildSettings = {
				ASSETCATALOG_COMPILER_APPICON_NAME = AppIcon;
				CODE_SIGN_STYLE = Automatic;
				DEVELOPMENT_TEAM = FF9L5T7Y8K;
				INFOPLIST_FILE = tumblr/Info.plist;
				LD_RUNPATH_SEARCH_PATHS = (
					"$(inherited)",
					"@executable_path/Frameworks",
				);
				PRODUCT_BUNDLE_IDENTIFIER = com.hunterboleman.tumblr;
				PRODUCT_NAME = "$(TARGET_NAME)";
				SWIFT_VERSION = 4.2;
				TARGETED_DEVICE_FAMILY = "1,2";
			};
			name = Release;
		};
		5A43119E2223640F0039AD40 /* Debug */ = {
			isa = XCBuildConfiguration;
			buildSettings = {
				ALWAYS_EMBED_SWIFT_STANDARD_LIBRARIES = YES;
				BUNDLE_LOADER = "$(TEST_HOST)";
				CODE_SIGN_STYLE = Automatic;
				DEVELOPMENT_TEAM = FF9L5T7Y8K;
				INFOPLIST_FILE = tumblrTests/Info.plist;
				LD_RUNPATH_SEARCH_PATHS = (
					"$(inherited)",
					"@executable_path/Frameworks",
					"@loader_path/Frameworks",
				);
				PRODUCT_BUNDLE_IDENTIFIER = com.hunterboleman.tumblrTests;
				PRODUCT_NAME = "$(TARGET_NAME)";
				SWIFT_VERSION = 4.2;
				TARGETED_DEVICE_FAMILY = "1,2";
				TEST_HOST = "$(BUILT_PRODUCTS_DIR)/tumblr.app/tumblr";
			};
			name = Debug;
		};
		5A43119F2223640F0039AD40 /* Release */ = {
			isa = XCBuildConfiguration;
			buildSettings = {
				ALWAYS_EMBED_SWIFT_STANDARD_LIBRARIES = YES;
				BUNDLE_LOADER = "$(TEST_HOST)";
				CODE_SIGN_STYLE = Automatic;
				DEVELOPMENT_TEAM = FF9L5T7Y8K;
				INFOPLIST_FILE = tumblrTests/Info.plist;
				LD_RUNPATH_SEARCH_PATHS = (
					"$(inherited)",
					"@executable_path/Frameworks",
					"@loader_path/Frameworks",
				);
				PRODUCT_BUNDLE_IDENTIFIER = com.hunterboleman.tumblrTests;
				PRODUCT_NAME = "$(TARGET_NAME)";
				SWIFT_VERSION = 4.2;
				TARGETED_DEVICE_FAMILY = "1,2";
				TEST_HOST = "$(BUILT_PRODUCTS_DIR)/tumblr.app/tumblr";
			};
			name = Release;
		};
		5A4311A12223640F0039AD40 /* Debug */ = {
			isa = XCBuildConfiguration;
			buildSettings = {
				ALWAYS_EMBED_SWIFT_STANDARD_LIBRARIES = YES;
				CODE_SIGN_STYLE = Automatic;
				DEVELOPMENT_TEAM = FF9L5T7Y8K;
				INFOPLIST_FILE = tumblrUITests/Info.plist;
				LD_RUNPATH_SEARCH_PATHS = (
					"$(inherited)",
					"@executable_path/Frameworks",
					"@loader_path/Frameworks",
				);
				PRODUCT_BUNDLE_IDENTIFIER = com.hunterboleman.tumblrUITests;
				PRODUCT_NAME = "$(TARGET_NAME)";
				SWIFT_VERSION = 4.2;
				TARGETED_DEVICE_FAMILY = "1,2";
				TEST_TARGET_NAME = tumblr;
			};
			name = Debug;
		};
		5A4311A22223640F0039AD40 /* Release */ = {
			isa = XCBuildConfiguration;
			buildSettings = {
				ALWAYS_EMBED_SWIFT_STANDARD_LIBRARIES = YES;
				CODE_SIGN_STYLE = Automatic;
				DEVELOPMENT_TEAM = FF9L5T7Y8K;
				INFOPLIST_FILE = tumblrUITests/Info.plist;
				LD_RUNPATH_SEARCH_PATHS = (
					"$(inherited)",
					"@executable_path/Frameworks",
					"@loader_path/Frameworks",
				);
				PRODUCT_BUNDLE_IDENTIFIER = com.hunterboleman.tumblrUITests;
				PRODUCT_NAME = "$(TARGET_NAME)";
				SWIFT_VERSION = 4.2;
				TARGETED_DEVICE_FAMILY = "1,2";
				TEST_TARGET_NAME = tumblr;
			};
			name = Release;
		};
/* End XCBuildConfiguration section */

/* Begin XCConfigurationList section */
		5A43116D2223640D0039AD40 /* Build configuration list for PBXProject "tumblr" */ = {
			isa = XCConfigurationList;
			buildConfigurations = (
				5A4311982223640F0039AD40 /* Debug */,
				5A4311992223640F0039AD40 /* Release */,
			);
			defaultConfigurationIsVisible = 0;
			defaultConfigurationName = Release;
		};
		5A43119A2223640F0039AD40 /* Build configuration list for PBXNativeTarget "tumblr" */ = {
			isa = XCConfigurationList;
			buildConfigurations = (
				5A43119B2223640F0039AD40 /* Debug */,
				5A43119C2223640F0039AD40 /* Release */,
			);
			defaultConfigurationIsVisible = 0;
			defaultConfigurationName = Release;
		};
		5A43119D2223640F0039AD40 /* Build configuration list for PBXNativeTarget "tumblrTests" */ = {
			isa = XCConfigurationList;
			buildConfigurations = (
				5A43119E2223640F0039AD40 /* Debug */,
				5A43119F2223640F0039AD40 /* Release */,
			);
			defaultConfigurationIsVisible = 0;
			defaultConfigurationName = Release;
		};
		5A4311A02223640F0039AD40 /* Build configuration list for PBXNativeTarget "tumblrUITests" */ = {
			isa = XCConfigurationList;
			buildConfigurations = (
				5A4311A12223640F0039AD40 /* Debug */,
				5A4311A22223640F0039AD40 /* Release */,
			);
			defaultConfigurationIsVisible = 0;
			defaultConfigurationName = Release;
		};
/* End XCConfigurationList section */
	};
	rootObject = 5A43116A2223640D0039AD40 /* Project object */;
}
